
Microsoft Visual Studio Solution File, Format Version 12.00
# Visual Studio Version 16
VisualStudioVersion = 16.0.28803.156
MinimumVisualStudioVersion = 10.0.40219.1
Project("{9A19103F-16F7-4668-BE54-9A1E7A4F7556}") = "PokemonTCGSimulator", "PokemonTCGSimulator\PokemonTCGSimulator.csproj", "{EBFB6106-03A5-4BD8-A6AA-27D8874E7854}"
EndProject
Project("{FAE04EC0-301F-11D3-BF4B-00C04F79EFBC}") = "CardDownloader", "CardDownloader\CardDownloader.csproj", "{C25C27BA-F65F-4FFC-9ABA-9FB7B495341C}"
EndProject
Global
	GlobalSection(SolutionConfigurationPlatforms) = preSolution
		Debug|Any CPU = Debug|Any CPU
		Release|Any CPU = Release|Any CPU
	EndGlobalSection
	GlobalSection(ProjectConfigurationPlatforms) = postSolution
		{EBFB6106-03A5-4BD8-A6AA-27D8874E7854}.Debug|Any CPU.ActiveCfg = Debug|Any CPU
		{EBFB6106-03A5-4BD8-A6AA-27D8874E7854}.Debug|Any CPU.Build.0 = Debug|Any CPU
		{EBFB6106-03A5-4BD8-A6AA-27D8874E7854}.Release|Any CPU.ActiveCfg = Release|Any CPU
		{EBFB6106-03A5-4BD8-A6AA-27D8874E7854}.Release|Any CPU.Build.0 = Release|Any CPU
		{C25C27BA-F65F-4FFC-9ABA-9FB7B495341C}.Debug|Any CPU.ActiveCfg = Debug|Any CPU
		{C25C27BA-F65F-4FFC-9ABA-9FB7B495341C}.Debug|Any CPU.Build.0 = Debug|Any CPU
		{C25C27BA-F65F-4FFC-9ABA-9FB7B495341C}.Release|Any CPU.ActiveCfg = Release|Any CPU
		{C25C27BA-F65F-4FFC-9ABA-9FB7B495341C}.Release|Any CPU.Build.0 = Release|Any CPU
	EndGlobalSection
	GlobalSection(SolutionProperties) = preSolution
		HideSolutionNode = FALSE
	EndGlobalSection
	GlobalSection(ExtensibilityGlobals) = postSolution
		SolutionGuid = {376166D9-195C-4524-A9FA-33295CC9451D}
	EndGlobalSection
EndGlobal
